
Microsoft Visual Studio Solution File, Format Version 12.00
# Visual Studio Version 17
VisualStudioVersion = 17.8.34316.72
MinimumVisualStudioVersion = 10.0.40219.1
Project("{FAE04EC0-301F-11D3-BF4B-00C04F79EFBC}") = "Aton_task", "Aton_task\Aton_task.csproj", "{B9597D10-E706-478A-9EC2-AE780F0671C2}"
EndProject
Global
	GlobalSection(SolutionConfigurationPlatforms) = preSolution
		Debug|Any CPU = Debug|Any CPU
		Release|Any CPU = Release|Any CPU
	EndGlobalSection
	GlobalSection(ProjectConfigurationPlatforms) = postSolution
		{B9597D10-E706-478A-9EC2-AE780F0671C2}.Debug|Any CPU.ActiveCfg = Debug|Any CPU
		{B9597D10-E706-478A-9EC2-AE780F0671C2}.Debug|Any CPU.Build.0 = Debug|Any CPU
		{B9597D10-E706-478A-9EC2-AE780F0671C2}.Release|Any CPU.ActiveCfg = Release|Any CPU
		{B9597D10-E706-478A-9EC2-AE780F0671C2}.Release|Any CPU.Build.0 = Release|Any CPU
	EndGlobalSection
	GlobalSection(SolutionProperties) = preSolution
		HideSolutionNode = FALSE
	EndGlobalSection
	GlobalSection(ExtensibilityGlobals) = postSolution
		SolutionGuid = {BF0DA7EE-4D34-405D-B86B-823C4F82882F}
	EndGlobalSection
EndGlobal
